
Microsoft Visual Studio Solution File, Format Version 12.00
# Visual Studio Version 16
VisualStudioVersion = 16.0.30804.86
MinimumVisualStudioVersion = 10.0.40219.1
Project("{FAE04EC0-301F-11D3-BF4B-00C04F79EFBC}") = "AppointementApp", "AppointementApp\AppointementApp.csproj", "{42E162B2-E57C-4A9B-827B-0A1977CD355B}"
EndProject
Global
	GlobalSection(SolutionConfigurationPlatforms) = preSolution
		Debug|Any CPU = Debug|Any CPU
		Release|Any CPU = Release|Any CPU
	EndGlobalSection
	GlobalSection(ProjectConfigurationPlatforms) = postSolution
		{42E162B2-E57C-4A9B-827B-0A1977CD355B}.Debug|Any CPU.ActiveCfg = Debug|Any CPU
		{42E162B2-E57C-4A9B-827B-0A1977CD355B}.Debug|Any CPU.Build.0 = Debug|Any CPU
		{42E162B2-E57C-4A9B-827B-0A1977CD355B}.Release|Any CPU.ActiveCfg = Release|Any CPU
		{42E162B2-E57C-4A9B-827B-0A1977CD355B}.Release|Any CPU.Build.0 = Release|Any CPU
	EndGlobalSection
	GlobalSection(SolutionProperties) = preSolution
		HideSolutionNode = FALSE
	EndGlobalSection
	GlobalSection(ExtensibilityGlobals) = postSolution
		SolutionGuid = {00F9C064-F495-476C-9AC7-B1B93A1ABE8A}
	EndGlobalSection
EndGlobal
